// !$*UTF8*$!
{
	archiveVersion = 1;
	classes = {
	};
	objectVersion = 56;
	objects = {

/* Begin PBXBuildFile section */
		ADEA50E12A5DBDB100845270 /* AppDelegate.swift in Sources */ = {isa = PBXBuildFile; fileRef = ADEA50E02A5DBDB100845270 /* AppDelegate.swift */; };
		ADEA50E32A5DBDB100845270 /* SceneDelegate.swift in Sources */ = {isa = PBXBuildFile; fileRef = ADEA50E22A5DBDB100845270 /* SceneDelegate.swift */; };
		ADEA50E52A5DBDB100845270 /* ViewController.swift in Sources */ = {isa = PBXBuildFile; fileRef = ADEA50E42A5DBDB100845270 /* ViewController.swift */; };
		ADEA50E82A5DBDB100845270 /* Main.storyboard in Resources */ = {isa = PBXBuildFile; fileRef = ADEA50E62A5DBDB100845270 /* Main.storyboard */; };
		ADEA50EA2A5DBDB400845270 /* Assets.xcassets in Resources */ = {isa = PBXBuildFile; fileRef = ADEA50E92A5DBDB400845270 /* Assets.xcassets */; };
		ADEA50ED2A5DBDB400845270 /* LaunchScreen.storyboard in Resources */ = {isa = PBXBuildFile; fileRef = ADEA50EB2A5DBDB400845270 /* LaunchScreen.storyboard */; };
		ADEA50F82A5DBDB500845270 /* CalcTests.swift in Sources */ = {isa = PBXBuildFile; fileRef = ADEA50F72A5DBDB500845270 /* CalcTests.swift */; };
		ADEA51022A5DBDB500845270 /* CalcUITests.swift in Sources */ = {isa = PBXBuildFile; fileRef = ADEA51012A5DBDB500845270 /* CalcUITests.swift */; };
		ADEA51042A5DBDB500845270 /* CalcUITestsLaunchTests.swift in Sources */ = {isa = PBXBuildFile; fileRef = ADEA51032A5DBDB500845270 /* CalcUITestsLaunchTests.swift */; };
/* End PBXBuildFile section */

/* Begin PBXContainerItemProxy section */
		ADEA50F42A5DBDB500845270 /* PBXContainerItemProxy */ = {
			isa = PBXContainerItemProxy;
			containerPortal = ADEA50D52A5DBDB100845270 /* Project object */;
			proxyType = 1;
			remoteGlobalIDString = ADEA50DC2A5DBDB100845270;
			remoteInfo = Calc;
		};
		ADEA50FE2A5DBDB500845270 /* PBXContainerItemProxy */ = {
			isa = PBXContainerItemProxy;
			containerPortal = ADEA50D52A5DBDB100845270 /* Project object */;
			proxyType = 1;
			remoteGlobalIDString = ADEA50DC2A5DBDB100845270;
			remoteInfo = Calc;
		};
/* End PBXContainerItemProxy section */

/* Begin PBXFileReference section */
		ADEA50DD2A5DBDB100845270 /* Calc.app */ = {isa = PBXFileReference; explicitFileType = wrapper.application; includeInIndex = 0; path = Calc.app; sourceTree = BUILT_PRODUCTS_DIR; };
		ADEA50E02A5DBDB100845270 /* AppDelegate.swift */ = {isa = PBXFileReference; lastKnownFileType = sourcecode.swift; path = AppDelegate.swift; sourceTree = "<group>"; };
		ADEA50E22A5DBDB100845270 /* SceneDelegate.swift */ = {isa = PBXFileReference; lastKnownFileType = sourcecode.swift; path = SceneDelegate.swift; sourceTree = "<group>"; };
		ADEA50E42A5DBDB100845270 /* ViewController.swift */ = {isa = PBXFileReference; lastKnownFileType = sourcecode.swift; path = ViewController.swift; sourceTree = "<group>"; };
		ADEA50E72A5DBDB100845270 /* Base */ = {isa = PBXFileReference; lastKnownFileType = file.storyboard; name = Base; path = Base.lproj/Main.storyboard; sourceTree = "<group>"; };
		ADEA50E92A5DBDB400845270 /* Assets.xcassets */ = {isa = PBXFileReference; lastKnownFileType = folder.assetcatalog; path = Assets.xcassets; sourceTree = "<group>"; };
		ADEA50EC2A5DBDB400845270 /* Base */ = {isa = PBXFileReference; lastKnownFileType = file.storyboard; name = Base; path = Base.lproj/LaunchScreen.storyboard; sourceTree = "<group>"; };
		ADEA50EE2A5DBDB400845270 /* Info.plist */ = {isa = PBXFileReference; lastKnownFileType = text.plist.xml; path = Info.plist; sourceTree = "<group>"; };
		ADEA50F32A5DBDB500845270 /* CalcTests.xctest */ = {isa = PBXFileReference; explicitFileType = wrapper.cfbundle; includeInIndex = 0; path = CalcTests.xctest; sourceTree = BUILT_PRODUCTS_DIR; };
		ADEA50F72A5DBDB500845270 /* CalcTests.swift */ = {isa = PBXFileReference; lastKnownFileType = sourcecode.swift; path = CalcTests.swift; sourceTree = "<group>"; };
		ADEA50FD2A5DBDB500845270 /* CalcUITests.xctest */ = {isa = PBXFileReference; explicitFileType = wrapper.cfbundle; includeInIndex = 0; path = CalcUITests.xctest; sourceTree = BUILT_PRODUCTS_DIR; };
		ADEA51012A5DBDB500845270 /* CalcUITests.swift */ = {isa = PBXFileReference; lastKnownFileType = sourcecode.swift; path = CalcUITests.swift; sourceTree = "<group>"; };
		ADEA51032A5DBDB500845270 /* CalcUITestsLaunchTests.swift */ = {isa = PBXFileReference; lastKnownFileType = sourcecode.swift; path = CalcUITestsLaunchTests.swift; sourceTree = "<group>"; };
/* End PBXFileReference section */

/* Begin PBXFrameworksBuildPhase section */
		ADEA50DA2A5DBDB100845270 /* Frameworks */ = {
			isa = PBXFrameworksBuildPhase;
			buildActionMask = 2147483647;
			files = (
			);
			runOnlyForDeploymentPostprocessing = 0;
		};
		ADEA50F02A5DBDB500845270 /* Frameworks */ = {
			isa = PBXFrameworksBuildPhase;
			buildActionMask = 2147483647;
			files = (
			);
			runOnlyForDeploymentPostprocessing = 0;
		};
		ADEA50FA2A5DBDB500845270 /* Frameworks */ = {
			isa = PBXFrameworksBuildPhase;
			buildActionMask = 2147483647;
			files = (
			);
			runOnlyForDeploymentPostprocessing = 0;
		};
/* End PBXFrameworksBuildPhase section */

/* Begin PBXGroup section */
		ADEA50D42A5DBDB100845270 = {
			isa = PBXGroup;
			children = (
				ADEA50DF2A5DBDB100845270 /* Calc */,
				ADEA50F62A5DBDB500845270 /* CalcTests */,
				ADEA51002A5DBDB500845270 /* CalcUITests */,
				ADEA50DE2A5DBDB100845270 /* Products */,
			);
			sourceTree = "<group>";
		};
		ADEA50DE2A5DBDB100845270 /* Products */ = {
			isa = PBXGroup;
			children = (
				ADEA50DD2A5DBDB100845270 /* Calc.app */,
				ADEA50F32A5DBDB500845270 /* CalcTests.xctest */,
				ADEA50FD2A5DBDB500845270 /* CalcUITests.xctest */,
			);
			name = Products;
			sourceTree = "<group>";
		};
		ADEA50DF2A5DBDB100845270 /* Calc */ = {
			isa = PBXGroup;
			children = (
				ADEA50E02A5DBDB100845270 /* AppDelegate.swift */,
				ADEA50E22A5DBDB100845270 /* SceneDelegate.swift */,
				ADEA50E42A5DBDB100845270 /* ViewController.swift */,
				ADEA50E62A5DBDB100845270 /* Main.storyboard */,
				ADEA50E92A5DBDB400845270 /* Assets.xcassets */,
				ADEA50EB2A5DBDB400845270 /* LaunchScreen.storyboard */,
				ADEA50EE2A5DBDB400845270 /* Info.plist */,
			);
			path = Calc;
			sourceTree = "<group>";
		};
		ADEA50F62A5DBDB500845270 /* CalcTests */ = {
			isa = PBXGroup;
			children = (
				ADEA50F72A5DBDB500845270 /* CalcTests.swift */,
			);
			path = CalcTests;
			sourceTree = "<group>";
		};
		ADEA51002A5DBDB500845270 /* CalcUITests */ = {
			isa = PBXGroup;
			children = (
				ADEA51012A5DBDB500845270 /* CalcUITests.swift */,
				ADEA51032A5DBDB500845270 /* CalcUITestsLaunchTests.swift */,
			);
			path = CalcUITests;
			sourceTree = "<group>";
		};
/* End PBXGroup section */

/* Begin PBXNativeTarget section */
		ADEA50DC2A5DBDB100845270 /* Calc */ = {
			isa = PBXNativeTarget;
			buildConfigurationList = ADEA51072A5DBDB500845270 /* Build configuration list for PBXNativeTarget "Calc" */;
			buildPhases = (
				ADEA50D92A5DBDB100845270 /* Sources */,
				ADEA50DA2A5DBDB100845270 /* Frameworks */,
				ADEA50DB2A5DBDB100845270 /* Resources */,
			);
			buildRules = (
			);
			dependencies = (
			);
			name = Calc;
			productName = Calc;
			productReference = ADEA50DD2A5DBDB100845270 /* Calc.app */;
			productType = "com.apple.product-type.application";
		};
		ADEA50F22A5DBDB500845270 /* CalcTests */ = {
			isa = PBXNativeTarget;
			buildConfigurationList = ADEA510A2A5DBDB500845270 /* Build configuration list for PBXNativeTarget "CalcTests" */;
			buildPhases = (
				ADEA50EF2A5DBDB500845270 /* Sources */,
				ADEA50F02A5DBDB500845270 /* Frameworks */,
				ADEA50F12A5DBDB500845270 /* Resources */,
			);
			buildRules = (
			);
			dependencies = (
				ADEA50F52A5DBDB500845270 /* PBXTargetDependency */,
			);
			name = CalcTests;
			productName = CalcTests;
			productReference = ADEA50F32A5DBDB500845270 /* CalcTests.xctest */;
			productType = "com.apple.product-type.bundle.unit-test";
		};
		ADEA50FC2A5DBDB500845270 /* CalcUITests */ = {
			isa = PBXNativeTarget;
			buildConfigurationList = ADEA510D2A5DBDB500845270 /* Build configuration list for PBXNativeTarget "CalcUITests" */;
			buildPhases = (
				ADEA50F92A5DBDB500845270 /* Sources */,
				ADEA50FA2A5DBDB500845270 /* Frameworks */,
				ADEA50FB2A5DBDB500845270 /* Resources */,
			);
			buildRules = (
			);
			dependencies = (
				ADEA50FF2A5DBDB500845270 /* PBXTargetDependency */,
			);
			name = CalcUITests;
			productName = CalcUITests;
			productReference = ADEA50FD2A5DBDB500845270 /* CalcUITests.xctest */;
			productType = "com.apple.product-type.bundle.ui-testing";
		};
/* End PBXNativeTarget section */

/* Begin PBXProject section */
		ADEA50D52A5DBDB100845270 /* Project object */ = {
			isa = PBXProject;
			attributes = {
				BuildIndependentTargetsInParallel = 1;
				LastSwiftUpdateCheck = 1430;
				LastUpgradeCheck = 1430;
				TargetAttributes = {
					ADEA50DC2A5DBDB100845270 = {
						CreatedOnToolsVersion = 14.3.1;
					};
					ADEA50F22A5DBDB500845270 = {
						CreatedOnToolsVersion = 14.3.1;
						TestTargetID = ADEA50DC2A5DBDB100845270;
					};
					ADEA50FC2A5DBDB500845270 = {
						CreatedOnToolsVersion = 14.3.1;
						TestTargetID = ADEA50DC2A5DBDB100845270;
					};
				};
			};
			buildConfigurationList = ADEA50D82A5DBDB100845270 /* Build configuration list for PBXProject "Calc" */;
			compatibilityVersion = "Xcode 14.0";
			developmentRegion = en;
			hasScannedForEncodings = 0;
			knownRegions = (
				en,
				Base,
			);
			mainGroup = ADEA50D42A5DBDB100845270;
			productRefGroup = ADEA50DE2A5DBDB100845270 /* Products */;
			projectDirPath = "";
			projectRoot = "";
			targets = (
				ADEA50DC2A5DBDB100845270 /* Calc */,
				ADEA50F22A5DBDB500845270 /* CalcTests */,
				ADEA50FC2A5DBDB500845270 /* CalcUITests */,
			);
		};
/* End PBXProject section */

/* Begin PBXResourcesBuildPhase section */
		ADEA50DB2A5DBDB100845270 /* Resources */ = {
			isa = PBXResourcesBuildPhase;
			buildActionMask = 2147483647;
			files = (
				ADEA50ED2A5DBDB400845270 /* LaunchScreen.storyboard in Resources */,
				ADEA50EA2A5DBDB400845270 /* Assets.xcassets in Resources */,
				ADEA50E82A5DBDB100845270 /* Main.storyboard in Resources */,
			);
			runOnlyForDeploymentPostprocessing = 0;
		};
		ADEA50F12A5DBDB500845270 /* Resources */ = {
			isa = PBXResourcesBuildPhase;
			buildActionMask = 2147483647;
			files = (
			);
			runOnlyForDeploymentPostprocessing = 0;
		};
		ADEA50FB2A5DBDB500845270 /* Resources */ = {
			isa = PBXResourcesBuildPhase;
			buildActionMask = 2147483647;
			files = (
			);
			runOnlyForDeploymentPostprocessing = 0;
		};
/* End PBXResourcesBuildPhase section */

/* Begin PBXSourcesBuildPhase section */
		ADEA50D92A5DBDB100845270 /* Sources */ = {
			isa = PBXSourcesBuildPhase;
			buildActionMask = 2147483647;
			files = (
				ADEA50E52A5DBDB100845270 /* ViewController.swift in Sources */,
				ADEA50E12A5DBDB100845270 /* AppDelegate.swift in Sources */,
				ADEA50E32A5DBDB100845270 /* SceneDelegate.swift in Sources */,
			);
			runOnlyForDeploymentPostprocessing = 0;
		};
		ADEA50EF2A5DBDB500845270 /* Sources */ = {
			isa = PBXSourcesBuildPhase;
			buildActionMask = 2147483647;
			files = (
				ADEA50F82A5DBDB500845270 /* CalcTests.swift in Sources */,
			);
			runOnlyForDeploymentPostprocessing = 0;
		};
		ADEA50F92A5DBDB500845270 /* Sources */ = {
			isa = PBXSourcesBuildPhase;
			buildActionMask = 2147483647;
			files = (
				ADEA51022A5DBDB500845270 /* CalcUITests.swift in Sources */,
				ADEA51042A5DBDB500845270 /* CalcUITestsLaunchTests.swift in Sources */,
			);
			runOnlyForDeploymentPostprocessing = 0;
		};
/* End PBXSourcesBuildPhase section */

/* Begin PBXTargetDependency section */
		ADEA50F52A5DBDB500845270 /* PBXTargetDependency */ = {
			isa = PBXTargetDependency;
			target = ADEA50DC2A5DBDB100845270 /* Calc */;
			targetProxy = ADEA50F42A5DBDB500845270 /* PBXContainerItemProxy */;
		};
		ADEA50FF2A5DBDB500845270 /* PBXTargetDependency */ = {
			isa = PBXTargetDependency;
			target = ADEA50DC2A5DBDB100845270 /* Calc */;
			targetProxy = ADEA50FE2A5DBDB500845270 /* PBXContainerItemProxy */;
		};
/* End PBXTargetDependency section */

/* Begin PBXVariantGroup section */
		ADEA50E62A5DBDB100845270 /* Main.storyboard */ = {
			isa = PBXVariantGroup;
			children = (
				ADEA50E72A5DBDB100845270 /* Base */,
			);
			name = Main.storyboard;
			sourceTree = "<group>";
		};
		ADEA50EB2A5DBDB400845270 /* LaunchScreen.storyboard */ = {
			isa = PBXVariantGroup;
			children = (
				ADEA50EC2A5DBDB400845270 /* Base */,
			);
			name = LaunchScreen.storyboard;
			sourceTree = "<group>";
		};
/* End PBXVariantGroup section */

/* Begin XCBuildConfiguration section */
		ADEA51052A5DBDB500845270 /* Debug */ = {
			isa = XCBuildConfiguration;
			buildSettings = {
				ALWAYS_SEARCH_USER_PATHS = NO;
				CLANG_ANALYZER_NONNULL = YES;
				CLANG_ANALYZER_NUMBER_OBJECT_CONVERSION = YES_AGGRESSIVE;
				CLANG_CXX_LANGUAGE_STANDARD = "gnu++20";
				CLANG_ENABLE_MODULES = YES;
				CLANG_ENABLE_OBJC_ARC = YES;
				CLANG_ENABLE_OBJC_WEAK = YES;
				CLANG_WARN_BLOCK_CAPTURE_AUTORELEASING = YES;
				CLANG_WARN_BOOL_CONVERSION = YES;
				CLANG_WARN_COMMA = YES;
				CLANG_WARN_CONSTANT_CONVERSION = YES;
				CLANG_WARN_DEPRECATED_OBJC_IMPLEMENTATIONS = YES;
				CLANG_WARN_DIRECT_OBJC_ISA_USAGE = YES_ERROR;
				CLANG_WARN_DOCUMENTATION_COMMENTS = YES;
				CLANG_WARN_EMPTY_BODY = YES;
				CLANG_WARN_ENUM_CONVERSION = YES;
				CLANG_WARN_INFINITE_RECURSION = YES;
				CLANG_WARN_INT_CONVERSION = YES;
				CLANG_WARN_NON_LITERAL_NULL_CONVERSION = YES;
				CLANG_WARN_OBJC_IMPLICIT_RETAIN_SELF = YES;
				CLANG_WARN_OBJC_LITERAL_CONVERSION = YES;
				CLANG_WARN_OBJC_ROOT_CLASS = YES_ERROR;
				CLANG_WARN_QUOTED_INCLUDE_IN_FRAMEWORK_HEADER = YES;
				CLANG_WARN_RANGE_LOOP_ANALYSIS = YES;
				CLANG_WARN_STRICT_PROTOTYPES = YES;
				CLANG_WARN_SUSPICIOUS_MOVE = YES;
				CLANG_WARN_UNGUARDED_AVAILABILITY = YES_AGGRESSIVE;
				CLANG_WARN_UNREACHABLE_CODE = YES;
				CLANG_WARN__DUPLICATE_METHOD_MATCH = YES;
				COPY_PHASE_STRIP = NO;
				DEBUG_INFORMATION_FORMAT = dwarf;
				ENABLE_STRICT_OBJC_MSGSEND = YES;
				ENABLE_TESTABILITY = YES;
				GCC_C_LANGUAGE_STANDARD = gnu11;
				GCC_DYNAMIC_NO_PIC = NO;
				GCC_NO_COMMON_BLOCKS = YES;
				GCC_OPTIMIZATION_LEVEL = 0;
				GCC_PREPROCESSOR_DEFINITIONS = (
					"DEBUG=1",
					"$(inherited)",
				);
				GCC_WARN_64_TO_32_BIT_CONVERSION = YES;
				GCC_WARN_ABOUT_RETURN_TYPE = YES_ERROR;
				GCC_WARN_UNDECLARED_SELECTOR = YES;
				GCC_WARN_UNINITIALIZED_AUTOS = YES_AGGRESSIVE;
				GCC_WARN_UNUSED_FUNCTION = YES;
				GCC_WARN_UNUSED_VARIABLE = YES;
				IPHONEOS_DEPLOYMENT_TARGET = 16.4;
				MTL_ENABLE_DEBUG_INFO = INCLUDE_SOURCE;
				MTL_FAST_MATH = YES;
				ONLY_ACTIVE_ARCH = YES;
				SDKROOT = iphoneos;
				SWIFT_ACTIVE_COMPILATION_CONDITIONS = DEBUG;
				SWIFT_OPTIMIZATION_LEVEL = "-Onone";
			};
			name = Debug;
		};
		ADEA51062A5DBDB500845270 /* Release */ = {
			isa = XCBuildConfiguration;
			buildSettings = {
				ALWAYS_SEARCH_USER_PATHS = NO;
				CLANG_ANALYZER_NONNULL = YES;
				CLANG_ANALYZER_NUMBER_OBJECT_CONVERSION = YES_AGGRESSIVE;
				CLANG_CXX_LANGUAGE_STANDARD = "gnu++20";
				CLANG_ENABLE_MODULES = YES;
				CLANG_ENABLE_OBJC_ARC = YES;
				CLANG_ENABLE_OBJC_WEAK = YES;
				CLANG_WARN_BLOCK_CAPTURE_AUTORELEASING = YES;
				CLANG_WARN_BOOL_CONVERSION = YES;
				CLANG_WARN_COMMA = YES;
				CLANG_WARN_CONSTANT_CONVERSION = YES;
				CLANG_WARN_DEPRECATED_OBJC_IMPLEMENTATIONS = YES;
				CLANG_WARN_DIRECT_OBJC_ISA_USAGE = YES_ERROR;
				CLANG_WARN_DOCUMENTATION_COMMENTS = YES;
				CLANG_WARN_EMPTY_BODY = YES;
				CLANG_WARN_ENUM_CONVERSION = YES;
				CLANG_WARN_INFINITE_RECURSION = YES;
				CLANG_WARN_INT_CONVERSION = YES;
				CLANG_WARN_NON_LITERAL_NULL_CONVERSION = YES;
				CLANG_WARN_OBJC_IMPLICIT_RETAIN_SELF = YES;
				CLANG_WARN_OBJC_LITERAL_CONVERSION = YES;
				CLANG_WARN_OBJC_ROOT_CLASS = YES_ERROR;
				CLANG_WARN_QUOTED_INCLUDE_IN_FRAMEWORK_HEADER = YES;
				CLANG_WARN_RANGE_LOOP_ANALYSIS = YES;
				CLANG_WARN_STRICT_PROTOTYPES = YES;
				CLANG_WARN_SUSPICIOUS_MOVE = YES;
				CLANG_WARN_UNGUARDED_AVAILABILITY = YES_AGGRESSIVE;
				CLANG_WARN_UNREACHABLE_CODE = YES;
				CLANG_WARN__DUPLICATE_METHOD_MATCH = YES;
				COPY_PHASE_STRIP = NO;
				DEBUG_INFORMATION_FORMAT = "dwarf-with-dsym";
				ENABLE_NS_ASSERTIONS = NO;
				ENABLE_STRICT_OBJC_MSGSEND = YES;
				GCC_C_LANGUAGE_STANDARD = gnu11;
				GCC_NO_COMMON_BLOCKS = YES;
				GCC_WARN_64_TO_32_BIT_CONVERSION = YES;
				GCC_WARN_ABOUT_RETURN_TYPE = YES_ERROR;
				GCC_WARN_UNDECLARED_SELECTOR = YES;
				GCC_WARN_UNINITIALIZED_AUTOS = YES_AGGRESSIVE;
				GCC_WARN_UNUSED_FUNCTION = YES;
				GCC_WARN_UNUSED_VARIABLE = YES;
				IPHONEOS_DEPLOYMENT_TARGET = 16.4;
				MTL_ENABLE_DEBUG_INFO = NO;
				MTL_FAST_MATH = YES;
				SDKROOT = iphoneos;
				SWIFT_COMPILATION_MODE = wholemodule;
				SWIFT_OPTIMIZATION_LEVEL = "-O";
				VALIDATE_PRODUCT = YES;
			};
			name = Release;
		};
		ADEA51082A5DBDB500845270 /* Debug */ = {
			isa = XCBuildConfiguration;
			buildSettings = {
				ASSETCATALOG_COMPILER_APPICON_NAME = AppIcon;
				ASSETCATALOG_COMPILER_GLOBAL_ACCENT_COLOR_NAME = AccentColor;
				CODE_SIGN_STYLE = Automatic;
				CURRENT_PROJECT_VERSION = 1;
				DEVELOPMENT_TEAM = LBBXTQ7NZN;
				GENERATE_INFOPLIST_FILE = YES;
				INFOPLIST_FILE = Calc/Info.plist;
				INFOPLIST_KEY_UIApplicationSupportsIndirectInputEvents = YES;
				INFOPLIST_KEY_UILaunchStoryboardName = LaunchScreen;
				INFOPLIST_KEY_UIMainStoryboardFile = Main;
				INFOPLIST_KEY_UISupportedInterfaceOrientations_iPad = "UIInterfaceOrientationPortrait UIInterfaceOrientationPortraitUpsideDown UIInterfaceOrientationLandscapeLeft UIInterfaceOrientationLandscapeRight";
				INFOPLIST_KEY_UISupportedInterfaceOrientations_iPhone = "UIInterfaceOrientationPortrait UIInterfaceOrientationLandscapeLeft UIInterfaceOrientationLandscapeRight";
				LD_RUNPATH_SEARCH_PATHS = (
					"$(inherited)",
					"@executable_path/Frameworks",
				);
				MARKETING_VERSION = 1.0;
				PRODUCT_BUNDLE_IDENTIFIER = com.yukiyobimoto.Calc;
				PRODUCT_NAME = "$(TARGET_NAME)";
				SWIFT_EMIT_LOC_STRINGS = YES;
				SWIFT_VERSION = 5.0;
				TARGETED_DEVICE_FAMILY = "1,2";
			};
			name = Debug;
		};
		ADEA51092A5DBDB500845270 /* Release */ = {
			isa = XCBuildConfiguration;
			buildSettings = {
				ASSETCATALOG_COMPILER_APPICON_NAME = AppIcon;
				ASSETCATALOG_COMPILER_GLOBAL_ACCENT_COLOR_NAME = AccentColor;
				CODE_SIGN_STYLE = Automatic;
				CURRENT_PROJECT_VERSION = 1;
				DEVELOPMENT_TEAM = LBBXTQ7NZN;
				GENERATE_INFOPLIST_FILE = YES;
				INFOPLIST_FILE = Calc/Info.plist;
				INFOPLIST_KEY_UIApplicationSupportsIndirectInputEvents = YES;
				INFOPLIST_KEY_UILaunchStoryboardName = LaunchScreen;
				INFOPLIST_KEY_UIMainStoryboardFile = Main;
				INFOPLIST_KEY_UISupportedInterfaceOrientations_iPad = "UIInterfaceOrientationPortrait UIInterfaceOrientationPortraitUpsideDown UIInterfaceOrientationLandscapeLeft UIInterfaceOrientationLandscapeRight";
				INFOPLIST_KEY_UISupportedInterfaceOrientations_iPhone = "UIInterfaceOrientationPortrait UIInterfaceOrientationLandscapeLeft UIInterfaceOrientationLandscapeRight";
				LD_RUNPATH_SEARCH_PATHS = (
					"$(inherited)",
					"@executable_path/Frameworks",
				);
				MARKETING_VERSION = 1.0;
				PRODUCT_BUNDLE_IDENTIFIER = com.yukiyobimoto.Calc;
				PRODUCT_NAME = "$(TARGET_NAME)";
				SWIFT_EMIT_LOC_STRINGS = YES;
				SWIFT_VERSION = 5.0;
				TARGETED_DEVICE_FAMILY = "1,2";
			};
			name = Release;
		};
		ADEA510B2A5DBDB500845270 /* Debug */ = {
			isa = XCBuildConfiguration;
			buildSettings = {
				ALWAYS_EMBED_SWIFT_STANDARD_LIBRARIES = YES;
				BUNDLE_LOADER = "$(TEST_HOST)";
				CODE_SIGN_STYLE = Automatic;
				CURRENT_PROJECT_VERSION = 1;
				DEVELOPMENT_TEAM = LBBXTQ7NZN;
				GENERATE_INFOPLIST_FILE = YES;
				IPHONEOS_DEPLOYMENT_TARGET = 16.4;
				MARKETING_VERSION = 1.0;
				PRODUCT_BUNDLE_IDENTIFIER = com.yukiyobimoto.CalcTests;
				PRODUCT_NAME = "$(TARGET_NAME)";
				SWIFT_EMIT_LOC_STRINGS = NO;
				SWIFT_VERSION = 5.0;
				TARGETED_DEVICE_FAMILY = "1,2";
				TEST_HOST = "$(BUILT_PRODUCTS_DIR)/Calc.app/$(BUNDLE_EXECUTABLE_FOLDER_PATH)/Calc";
			};
			name = Debug;
		};
		ADEA510C2A5DBDB500845270 /* Release */ = {
			isa = XCBuildConfiguration;
			buildSettings = {
				ALWAYS_EMBED_SWIFT_STANDARD_LIBRARIES = YES;
				BUNDLE_LOADER = "$(TEST_HOST)";
				CODE_SIGN_STYLE = Automatic;
				CURRENT_PROJECT_VERSION = 1;
				DEVELOPMENT_TEAM = LBBXTQ7NZN;
				GENERATE_INFOPLIST_FILE = YES;
				IPHONEOS_DEPLOYMENT_TARGET = 16.4;
				MARKETING_VERSION = 1.0;
				PRODUCT_BUNDLE_IDENTIFIER = com.yukiyobimoto.CalcTests;
				PRODUCT_NAME = "$(TARGET_NAME)";
				SWIFT_EMIT_LOC_STRINGS = NO;
				SWIFT_VERSION = 5.0;
				TARGETED_DEVICE_FAMILY = "1,2";
				TEST_HOST = "$(BUILT_PRODUCTS_DIR)/Calc.app/$(BUNDLE_EXECUTABLE_FOLDER_PATH)/Calc";
			};
			name = Release;
		};
		ADEA510E2A5DBDB500845270 /* Debug */ = {
			isa = XCBuildConfiguration;
			buildSettings = {
				ALWAYS_EMBED_SWIFT_STANDARD_LIBRARIES = YES;
				CODE_SIGN_STYLE = Automatic;
				CURRENT_PROJECT_VERSION = 1;
				DEVELOPMENT_TEAM = LBBXTQ7NZN;
				GENERATE_INFOPLIST_FILE = YES;
				MARKETING_VERSION = 1.0;
				PRODUCT_BUNDLE_IDENTIFIER = com.yukiyobimoto.CalcUITests;
				PRODUCT_NAME = "$(TARGET_NAME)";
				SWIFT_EMIT_LOC_STRINGS = NO;
				SWIFT_VERSION = 5.0;
				TARGETED_DEVICE_FAMILY = "1,2";
				TEST_TARGET_NAME = Calc;
			};
			name = Debug;
		};
		ADEA510F2A5DBDB500845270 /* Release */ = {
			isa = XCBuildConfiguration;
			buildSettings = {
				ALWAYS_EMBED_SWIFT_STANDARD_LIBRARIES = YES;
				CODE_SIGN_STYLE = Automatic;
				CURRENT_PROJECT_VERSION = 1;
				DEVELOPMENT_TEAM = LBBXTQ7NZN;
				GENERATE_INFOPLIST_FILE = YES;
				MARKETING_VERSION = 1.0;
				PRODUCT_BUNDLE_IDENTIFIER = com.yukiyobimoto.CalcUITests;
				PRODUCT_NAME = "$(TARGET_NAME)";
				SWIFT_EMIT_LOC_STRINGS = NO;
				SWIFT_VERSION = 5.0;
				TARGETED_DEVICE_FAMILY = "1,2";
				TEST_TARGET_NAME = Calc;
			};
			name = Release;
		};
/* End XCBuildConfiguration section */

/* Begin XCConfigurationList section */
		ADEA50D82A5DBDB100845270 /* Build configuration list for PBXProject "Calc" */ = {
			isa = XCConfigurationList;
			buildConfigurations = (
				ADEA51052A5DBDB500845270 /* Debug */,
				ADEA51062A5DBDB500845270 /* Release */,
			);
			defaultConfigurationIsVisible = 0;
			defaultConfigurationName = Release;
		};
		ADEA51072A5DBDB500845270 /* Build configuration list for PBXNativeTarget "Calc" */ = {
			isa = XCConfigurationList;
			buildConfigurations = (
				ADEA51082A5DBDB500845270 /* Debug */,
				ADEA51092A5DBDB500845270 /* Release */,
			);
			defaultConfigurationIsVisible = 0;
			defaultConfigurationName = Release;
		};
		ADEA510A2A5DBDB500845270 /* Build configuration list for PBXNativeTarget "CalcTests" */ = {
			isa = XCConfigurationList;
			buildConfigurations = (
				ADEA510B2A5DBDB500845270 /* Debug */,
				ADEA510C2A5DBDB500845270 /* Release */,
			);
			defaultConfigurationIsVisible = 0;
			defaultConfigurationName = Release;
		};
		ADEA510D2A5DBDB500845270 /* Build configuration list for PBXNativeTarget "CalcUITests" */ = {
			isa = XCConfigurationList;
			buildConfigurations = (
				ADEA510E2A5DBDB500845270 /* Debug */,
				ADEA510F2A5DBDB500845270 /* Release */,
			);
			defaultConfigurationIsVisible = 0;
			defaultConfigurationName = Release;
		};
/* End XCConfigurationList section */
	};
	rootObject = ADEA50D52A5DBDB100845270 /* Project object */;
}
